
Microsoft Visual Studio Solution File, Format Version 12.00
# Visual Studio Version 17
VisualStudioVersion = 17.7.33920.267
MinimumVisualStudioVersion = 10.0.40219.1
Project("{9A19103F-16F7-4668-BE54-9A1E7A4F7556}") = "ElectronProcessManager", "ElectronProcessManager\ElectronProcessManager.csproj", "{55B3A479-3867-4A8B-B1AA-99CC5BA58A21}"
EndProject
Project("{2150E333-8FDC-42A3-9474-1A3956D46DE8}") = "Solution Items", "Solution Items", "{407CB3A4-285F-46F0-81F6-9974885DBCF9}"
	ProjectSection(SolutionItems) = preProject
		.gitignore = .gitignore
		LICENSE.md = LICENSE.md
		README.md = README.md
	EndProjectSection
EndProject
Global
	GlobalSection(SolutionConfigurationPlatforms) = preSolution
		Debug|Any CPU = Debug|Any CPU
		Release|Any CPU = Release|Any CPU
	EndGlobalSection
	GlobalSection(ProjectConfigurationPlatforms) = postSolution
		{55B3A479-3867-4A8B-B1AA-99CC5BA58A21}.Debug|Any CPU.ActiveCfg = Debug|Any CPU
		{55B3A479-3867-4A8B-B1AA-99CC5BA58A21}.Debug|Any CPU.Build.0 = Debug|Any CPU
		{55B3A479-3867-4A8B-B1AA-99CC5BA58A21}.Release|Any CPU.ActiveCfg = Release|Any CPU
		{55B3A479-3867-4A8B-B1AA-99CC5BA58A21}.Release|Any CPU.Build.0 = Release|Any CPU
	EndGlobalSection
	GlobalSection(SolutionProperties) = preSolution
		HideSolutionNode = FALSE
	EndGlobalSection
	GlobalSection(ExtensibilityGlobals) = postSolution
		SolutionGuid = {5C9397EC-C8E5-4091-94CB-5D07D4A75838}
	EndGlobalSection
EndGlobal
